// !$*UTF8*$!
{
	archiveVersion = 1;
	classes = {
	};
	objectVersion = 52;
	objects = {

/* Begin PBXBuildFile section */
		2154DD07252DCA9300B1AE32 /* AppDelegate.swift in Sources */ = {isa = PBXBuildFile; fileRef = 2154DD06252DCA9300B1AE32 /* AppDelegate.swift */; };
		2154DD09252DCA9300B1AE32 /* SceneDelegate.swift in Sources */ = {isa = PBXBuildFile; fileRef = 2154DD08252DCA9300B1AE32 /* SceneDelegate.swift */; };
		2154DD0B252DCA9300B1AE32 /* LoginWithPinCodeViewController.swift in Sources */ = {isa = PBXBuildFile; fileRef = 2154DD0A252DCA9300B1AE32 /* LoginWithPinCodeViewController.swift */; };
		2154DD0E252DCA9300B1AE32 /* Main.storyboard in Resources */ = {isa = PBXBuildFile; fileRef = 2154DD0C252DCA9300B1AE32 /* Main.storyboard */; };
		2154DD10252DCA9500B1AE32 /* Assets.xcassets in Resources */ = {isa = PBXBuildFile; fileRef = 2154DD0F252DCA9500B1AE32 /* Assets.xcassets */; };
		2154DD13252DCA9500B1AE32 /* LaunchScreen.storyboard in Resources */ = {isa = PBXBuildFile; fileRef = 2154DD11252DCA9500B1AE32 /* LaunchScreen.storyboard */; };
		2154DD1E252DCA9600B1AE32 /* FKStestTests.swift in Sources */ = {isa = PBXBuildFile; fileRef = 2154DD1D252DCA9600B1AE32 /* FKStestTests.swift */; };
		2154DD29252DCA9600B1AE32 /* FKStestUITests.swift in Sources */ = {isa = PBXBuildFile; fileRef = 2154DD28252DCA9600B1AE32 /* FKStestUITests.swift */; };
		2154DD51252DDB4200B1AE32 /* Stevia in Frameworks */ = {isa = PBXBuildFile; productRef = 2154DD50252DDB4200B1AE32 /* Stevia */; };
		2154DD5A252DDED200B1AE32 /* RxSwift in Frameworks */ = {isa = PBXBuildFile; productRef = 2154DD59252DDED200B1AE32 /* RxSwift */; };
		2154DD5C252DDED200B1AE32 /* RxCocoa in Frameworks */ = {isa = PBXBuildFile; productRef = 2154DD5B252DDED200B1AE32 /* RxCocoa */; };
		2154DD61252DF7F200B1AE32 /* LoginWithPinCodeViewModel.swift in Sources */ = {isa = PBXBuildFile; fileRef = 2154DD60252DF7F200B1AE32 /* LoginWithPinCodeViewModel.swift */; };
		215B995A25303B37006DD8EA /* BiometryType.swift in Sources */ = {isa = PBXBuildFile; fileRef = 215B995925303B37006DD8EA /* BiometryType.swift */; };
		215B996625303D12006DD8EA /* RegistrationViewController.swift in Sources */ = {isa = PBXBuildFile; fileRef = 215B996525303D12006DD8EA /* RegistrationViewController.swift */; };
		215B996F2530505A006DD8EA /* AuthAccountViewController.swift in Sources */ = {isa = PBXBuildFile; fileRef = 215B996E2530505A006DD8EA /* AuthAccountViewController.swift */; };
		215B99782530620A006DD8EA /* ProfileViewController.swift in Sources */ = {isa = PBXBuildFile; fileRef = 215B99772530620A006DD8EA /* ProfileViewController.swift */; };
		C336549A2533A47900CD22DD /* CreateChangePincodeViewController.swift in Sources */ = {isa = PBXBuildFile; fileRef = C33654992533A47900CD22DD /* CreateChangePincodeViewController.swift */; };
		C33654A32533A75900CD22DD /* KeychainPasswordItem.swift in Sources */ = {isa = PBXBuildFile; fileRef = C33654A22533A75900CD22DD /* KeychainPasswordItem.swift */; };
		C33654AF2533A7D900CD22DD /* KeychainConfiguration.swift in Sources */ = {isa = PBXBuildFile; fileRef = C33654AE2533A7D900CD22DD /* KeychainConfiguration.swift */; };
		C33654B42533A87B00CD22DD /* RegistrationViewModel.swift in Sources */ = {isa = PBXBuildFile; fileRef = C33654B32533A87B00CD22DD /* RegistrationViewModel.swift */; };
		C33654B92533A90500CD22DD /* AuthAccountViewModel.swift in Sources */ = {isa = PBXBuildFile; fileRef = C33654B82533A90500CD22DD /* AuthAccountViewModel.swift */; };
		C33654BF2533AC2A00CD22DD /* CryptoSwift in Frameworks */ = {isa = PBXBuildFile; productRef = C33654BE2533AC2A00CD22DD /* CryptoSwift */; };
		C33654C4253448B600CD22DD /* UserConfigurator.swift in Sources */ = {isa = PBXBuildFile; fileRef = C33654C3253448B600CD22DD /* UserConfigurator.swift */; };
		C33654CA253451F600CD22DD /* ProfileViewModel.swift in Sources */ = {isa = PBXBuildFile; fileRef = C33654C9253451F600CD22DD /* ProfileViewModel.swift */; };
		C33654D22534560800CD22DD /* SecurityViewModel.swift in Sources */ = {isa = PBXBuildFile; fileRef = C33654D12534560800CD22DD /* SecurityViewModel.swift */; };
		C33654D7253485E400CD22DD /* CreateChangePincodeViewModel.swift in Sources */ = {isa = PBXBuildFile; fileRef = C33654D6253485E400CD22DD /* CreateChangePincodeViewModel.swift */; };
		C33654DC2534891F00CD22DD /* CoordinatorConfigurator.swift in Sources */ = {isa = PBXBuildFile; fileRef = C33654DB2534891F00CD22DD /* CoordinatorConfigurator.swift */; };
		C33654E125348AF200CD22DD /* RegistrationCoordinator.swift in Sources */ = {isa = PBXBuildFile; fileRef = C33654E025348AF200CD22DD /* RegistrationCoordinator.swift */; };
		C33654E625348C2A00CD22DD /* LoginWithPinCodeCoordinator.swift in Sources */ = {isa = PBXBuildFile; fileRef = C33654E525348C2A00CD22DD /* LoginWithPinCodeCoordinator.swift */; };
		C33654EB25348EC700CD22DD /* AuthAccountCoordinator.swift in Sources */ = {isa = PBXBuildFile; fileRef = C33654EA25348EC700CD22DD /* AuthAccountCoordinator.swift */; };
		C33654F025348EE900CD22DD /* ProfileCoordinator.swift in Sources */ = {isa = PBXBuildFile; fileRef = C33654EF25348EE900CD22DD /* ProfileCoordinator.swift */; };
		C33654F525348F0400CD22DD /* SecurityCoordinator.swift in Sources */ = {isa = PBXBuildFile; fileRef = C33654F425348F0400CD22DD /* SecurityCoordinator.swift */; };
		C33654FA25348F3200CD22DD /* CreateChangePincodeCoordinator.swift in Sources */ = {isa = PBXBuildFile; fileRef = C33654F925348F3200CD22DD /* CreateChangePincodeCoordinator.swift */; };
		C357DA1B2535282F000732E3 /* UIViewController.swift in Sources */ = {isa = PBXBuildFile; fileRef = C357DA1A2535282F000732E3 /* UIViewController.swift */; };
		C35E8EC825334FE900DFC32E /* SecurityViewController.swift in Sources */ = {isa = PBXBuildFile; fileRef = C35E8EC725334FE900DFC32E /* SecurityViewController.swift */; };
/* End PBXBuildFile section */

/* Begin PBXContainerItemProxy section */
		2154DD1A252DCA9600B1AE32 /* PBXContainerItemProxy */ = {
			isa = PBXContainerItemProxy;
			containerPortal = 2154DCFB252DCA9300B1AE32 /* Project object */;
			proxyType = 1;
			remoteGlobalIDString = 2154DD02252DCA9300B1AE32;
			remoteInfo = FKStest;
		};
		2154DD25252DCA9600B1AE32 /* PBXContainerItemProxy */ = {
			isa = PBXContainerItemProxy;
			containerPortal = 2154DCFB252DCA9300B1AE32 /* Project object */;
			proxyType = 1;
			remoteGlobalIDString = 2154DD02252DCA9300B1AE32;
			remoteInfo = FKStest;
		};
/* End PBXContainerItemProxy section */

/* Begin PBXFileReference section */
		2154DD03252DCA9300B1AE32 /* FKStest.app */ = {isa = PBXFileReference; explicitFileType = wrapper.application; includeInIndex = 0; path = FKStest.app; sourceTree = BUILT_PRODUCTS_DIR; };
		2154DD06252DCA9300B1AE32 /* AppDelegate.swift */ = {isa = PBXFileReference; lastKnownFileType = sourcecode.swift; path = AppDelegate.swift; sourceTree = "<group>"; };
		2154DD08252DCA9300B1AE32 /* SceneDelegate.swift */ = {isa = PBXFileReference; lastKnownFileType = sourcecode.swift; path = SceneDelegate.swift; sourceTree = "<group>"; };
		2154DD0A252DCA9300B1AE32 /* LoginWithPinCodeViewController.swift */ = {isa = PBXFileReference; lastKnownFileType = sourcecode.swift; path = LoginWithPinCodeViewController.swift; sourceTree = "<group>"; };
		2154DD0D252DCA9300B1AE32 /* Base */ = {isa = PBXFileReference; lastKnownFileType = file.storyboard; name = Base; path = Base.lproj/Main.storyboard; sourceTree = "<group>"; };
		2154DD0F252DCA9500B1AE32 /* Assets.xcassets */ = {isa = PBXFileReference; lastKnownFileType = folder.assetcatalog; path = Assets.xcassets; sourceTree = "<group>"; };
		2154DD12252DCA9500B1AE32 /* Base */ = {isa = PBXFileReference; lastKnownFileType = file.storyboard; name = Base; path = Base.lproj/LaunchScreen.storyboard; sourceTree = "<group>"; };
		2154DD14252DCA9500B1AE32 /* Info.plist */ = {isa = PBXFileReference; lastKnownFileType = text.plist.xml; path = Info.plist; sourceTree = "<group>"; };
		2154DD19252DCA9600B1AE32 /* FKStestTests.xctest */ = {isa = PBXFileReference; explicitFileType = wrapper.cfbundle; includeInIndex = 0; path = FKStestTests.xctest; sourceTree = BUILT_PRODUCTS_DIR; };
		2154DD1D252DCA9600B1AE32 /* FKStestTests.swift */ = {isa = PBXFileReference; lastKnownFileType = sourcecode.swift; path = FKStestTests.swift; sourceTree = "<group>"; };
		2154DD1F252DCA9600B1AE32 /* Info.plist */ = {isa = PBXFileReference; lastKnownFileType = text.plist.xml; path = Info.plist; sourceTree = "<group>"; };
		2154DD24252DCA9600B1AE32 /* FKStestUITests.xctest */ = {isa = PBXFileReference; explicitFileType = wrapper.cfbundle; includeInIndex = 0; path = FKStestUITests.xctest; sourceTree = BUILT_PRODUCTS_DIR; };
		2154DD28252DCA9600B1AE32 /* FKStestUITests.swift */ = {isa = PBXFileReference; lastKnownFileType = sourcecode.swift; path = FKStestUITests.swift; sourceTree = "<group>"; };
		2154DD2A252DCA9600B1AE32 /* Info.plist */ = {isa = PBXFileReference; lastKnownFileType = text.plist.xml; path = Info.plist; sourceTree = "<group>"; };
		2154DD60252DF7F200B1AE32 /* LoginWithPinCodeViewModel.swift */ = {isa = PBXFileReference; lastKnownFileType = sourcecode.swift; path = LoginWithPinCodeViewModel.swift; sourceTree = "<group>"; };
		215B995925303B37006DD8EA /* BiometryType.swift */ = {isa = PBXFileReference; lastKnownFileType = sourcecode.swift; path = BiometryType.swift; sourceTree = "<group>"; };
		215B996525303D12006DD8EA /* RegistrationViewController.swift */ = {isa = PBXFileReference; lastKnownFileType = sourcecode.swift; path = RegistrationViewController.swift; sourceTree = "<group>"; };
		215B996E2530505A006DD8EA /* AuthAccountViewController.swift */ = {isa = PBXFileReference; lastKnownFileType = sourcecode.swift; path = AuthAccountViewController.swift; sourceTree = "<group>"; };
		215B99772530620A006DD8EA /* ProfileViewController.swift */ = {isa = PBXFileReference; lastKnownFileType = sourcecode.swift; path = ProfileViewController.swift; sourceTree = "<group>"; };
		C33654992533A47900CD22DD /* CreateChangePincodeViewController.swift */ = {isa = PBXFileReference; lastKnownFileType = sourcecode.swift; path = CreateChangePincodeViewController.swift; sourceTree = "<group>"; };
		C33654A22533A75900CD22DD /* KeychainPasswordItem.swift */ = {isa = PBXFileReference; lastKnownFileType = sourcecode.swift; path = KeychainPasswordItem.swift; sourceTree = "<group>"; };
		C33654AE2533A7D900CD22DD /* KeychainConfiguration.swift */ = {isa = PBXFileReference; lastKnownFileType = sourcecode.swift; path = KeychainConfiguration.swift; sourceTree = "<group>"; };
		C33654B32533A87B00CD22DD /* RegistrationViewModel.swift */ = {isa = PBXFileReference; lastKnownFileType = sourcecode.swift; path = RegistrationViewModel.swift; sourceTree = "<group>"; };
		C33654B82533A90500CD22DD /* AuthAccountViewModel.swift */ = {isa = PBXFileReference; lastKnownFileType = sourcecode.swift; path = AuthAccountViewModel.swift; sourceTree = "<group>"; };
		C33654C3253448B600CD22DD /* UserConfigurator.swift */ = {isa = PBXFileReference; lastKnownFileType = sourcecode.swift; path = UserConfigurator.swift; sourceTree = "<group>"; };
		C33654C9253451F600CD22DD /* ProfileViewModel.swift */ = {isa = PBXFileReference; lastKnownFileType = sourcecode.swift; path = ProfileViewModel.swift; sourceTree = "<group>"; };
		C33654D12534560800CD22DD /* SecurityViewModel.swift */ = {isa = PBXFileReference; lastKnownFileType = sourcecode.swift; path = SecurityViewModel.swift; sourceTree = "<group>"; };
		C33654D6253485E400CD22DD /* CreateChangePincodeViewModel.swift */ = {isa = PBXFileReference; lastKnownFileType = sourcecode.swift; path = CreateChangePincodeViewModel.swift; sourceTree = "<group>"; };
		C33654DB2534891F00CD22DD /* CoordinatorConfigurator.swift */ = {isa = PBXFileReference; lastKnownFileType = sourcecode.swift; path = CoordinatorConfigurator.swift; sourceTree = "<group>"; };
		C33654E025348AF200CD22DD /* RegistrationCoordinator.swift */ = {isa = PBXFileReference; lastKnownFileType = sourcecode.swift; path = RegistrationCoordinator.swift; sourceTree = "<group>"; };
		C33654E525348C2A00CD22DD /* LoginWithPinCodeCoordinator.swift */ = {isa = PBXFileReference; lastKnownFileType = sourcecode.swift; path = LoginWithPinCodeCoordinator.swift; sourceTree = "<group>"; };
		C33654EA25348EC700CD22DD /* AuthAccountCoordinator.swift */ = {isa = PBXFileReference; lastKnownFileType = sourcecode.swift; path = AuthAccountCoordinator.swift; sourceTree = "<group>"; };
		C33654EF25348EE900CD22DD /* ProfileCoordinator.swift */ = {isa = PBXFileReference; lastKnownFileType = sourcecode.swift; path = ProfileCoordinator.swift; sourceTree = "<group>"; };
		C33654F425348F0400CD22DD /* SecurityCoordinator.swift */ = {isa = PBXFileReference; lastKnownFileType = sourcecode.swift; path = SecurityCoordinator.swift; sourceTree = "<group>"; };
		C33654F925348F3200CD22DD /* CreateChangePincodeCoordinator.swift */ = {isa = PBXFileReference; lastKnownFileType = sourcecode.swift; path = CreateChangePincodeCoordinator.swift; sourceTree = "<group>"; };
		C357DA1A2535282F000732E3 /* UIViewController.swift */ = {isa = PBXFileReference; lastKnownFileType = sourcecode.swift; path = UIViewController.swift; sourceTree = "<group>"; };
		C35E8EC725334FE900DFC32E /* SecurityViewController.swift */ = {isa = PBXFileReference; lastKnownFileType = sourcecode.swift; path = SecurityViewController.swift; sourceTree = "<group>"; };
/* End PBXFileReference section */

/* Begin PBXFrameworksBuildPhase section */
		2154DD00252DCA9300B1AE32 /* Frameworks */ = {
			isa = PBXFrameworksBuildPhase;
			buildActionMask = 2147483647;
			files = (
				2154DD5C252DDED200B1AE32 /* RxCocoa in Frameworks */,
				C33654BF2533AC2A00CD22DD /* CryptoSwift in Frameworks */,
				2154DD5A252DDED200B1AE32 /* RxSwift in Frameworks */,
				2154DD51252DDB4200B1AE32 /* Stevia in Frameworks */,
			);
			runOnlyForDeploymentPostprocessing = 0;
		};
		2154DD16252DCA9600B1AE32 /* Frameworks */ = {
			isa = PBXFrameworksBuildPhase;
			buildActionMask = 2147483647;
			files = (
			);
			runOnlyForDeploymentPostprocessing = 0;
		};
		2154DD21252DCA9600B1AE32 /* Frameworks */ = {
			isa = PBXFrameworksBuildPhase;
			buildActionMask = 2147483647;
			files = (
			);
			runOnlyForDeploymentPostprocessing = 0;
		};
/* End PBXFrameworksBuildPhase section */

/* Begin PBXGroup section */
		2154DCFA252DCA9300B1AE32 = {
			isa = PBXGroup;
			children = (
				2154DD05252DCA9300B1AE32 /* FKStest */,
				2154DD1C252DCA9600B1AE32 /* FKStestTests */,
				2154DD27252DCA9600B1AE32 /* FKStestUITests */,
				2154DD04252DCA9300B1AE32 /* Products */,
			);
			sourceTree = "<group>";
		};
		2154DD04252DCA9300B1AE32 /* Products */ = {
			isa = PBXGroup;
			children = (
				2154DD03252DCA9300B1AE32 /* FKStest.app */,
				2154DD19252DCA9600B1AE32 /* FKStestTests.xctest */,
				2154DD24252DCA9600B1AE32 /* FKStestUITests.xctest */,
			);
			name = Products;
			sourceTree = "<group>";
		};
		2154DD05252DCA9300B1AE32 /* FKStest */ = {
			isa = PBXGroup;
			children = (
				2154DD06252DCA9300B1AE32 /* AppDelegate.swift */,
				2154DD08252DCA9300B1AE32 /* SceneDelegate.swift */,
				C357DA1925352814000732E3 /* Extensions */,
				C33654AA2533A7B600CD22DD /* Configurators */,
				C33654A12533A74500CD22DD /* Helpers */,
				215B995825303B10006DD8EA /* Scenes */,
				215B995725303B06006DD8EA /* Models */,
				2154DD0C252DCA9300B1AE32 /* Main.storyboard */,
				2154DD0F252DCA9500B1AE32 /* Assets.xcassets */,
				2154DD11252DCA9500B1AE32 /* LaunchScreen.storyboard */,
				2154DD14252DCA9500B1AE32 /* Info.plist */,
			);
			path = FKStest;
			sourceTree = "<group>";
		};
		2154DD1C252DCA9600B1AE32 /* FKStestTests */ = {
			isa = PBXGroup;
			children = (
				2154DD1D252DCA9600B1AE32 /* FKStestTests.swift */,
				2154DD1F252DCA9600B1AE32 /* Info.plist */,
			);
			path = FKStestTests;
			sourceTree = "<group>";
		};
		2154DD27252DCA9600B1AE32 /* FKStestUITests */ = {
			isa = PBXGroup;
			children = (
				2154DD28252DCA9600B1AE32 /* FKStestUITests.swift */,
				2154DD2A252DCA9600B1AE32 /* Info.plist */,
			);
			path = FKStestUITests;
			sourceTree = "<group>";
		};
		215B9956253039F5006DD8EA /* LoginWithPinCode */ = {
			isa = PBXGroup;
			children = (
				2154DD0A252DCA9300B1AE32 /* LoginWithPinCodeViewController.swift */,
				2154DD60252DF7F200B1AE32 /* LoginWithPinCodeViewModel.swift */,
				C33654E525348C2A00CD22DD /* LoginWithPinCodeCoordinator.swift */,
			);
			path = LoginWithPinCode;
			sourceTree = "<group>";
		};
		215B995725303B06006DD8EA /* Models */ = {
			isa = PBXGroup;
			children = (
				215B995925303B37006DD8EA /* BiometryType.swift */,
			);
			path = Models;
			sourceTree = "<group>";
		};
		215B995825303B10006DD8EA /* Scenes */ = {
			isa = PBXGroup;
			children = (
				C33654982533A45500CD22DD /* CreateChangePincode */,
				C35E8EC325334FBB00DFC32E /* Security */,
				215B9976253061EE006DD8EA /* Profile */,
				215B996D25305009006DD8EA /* AuthAccount */,
				215B996425303CD0006DD8EA /* Registration */,
				215B9956253039F5006DD8EA /* LoginWithPinCode */,
			);
			path = Scenes;
			sourceTree = "<group>";
		};
		215B996425303CD0006DD8EA /* Registration */ = {
			isa = PBXGroup;
			children = (
				215B996525303D12006DD8EA /* RegistrationViewController.swift */,
				C33654B32533A87B00CD22DD /* RegistrationViewModel.swift */,
				C33654E025348AF200CD22DD /* RegistrationCoordinator.swift */,
			);
			path = Registration;
			sourceTree = "<group>";
		};
		215B996D25305009006DD8EA /* AuthAccount */ = {
			isa = PBXGroup;
			children = (
				215B996E2530505A006DD8EA /* AuthAccountViewController.swift */,
				C33654B82533A90500CD22DD /* AuthAccountViewModel.swift */,
				C33654EA25348EC700CD22DD /* AuthAccountCoordinator.swift */,
			);
			path = AuthAccount;
			sourceTree = "<group>";
		};
		215B9976253061EE006DD8EA /* Profile */ = {
			isa = PBXGroup;
			children = (
				215B99772530620A006DD8EA /* ProfileViewController.swift */,
				C33654C9253451F600CD22DD /* ProfileViewModel.swift */,
				C33654EF25348EE900CD22DD /* ProfileCoordinator.swift */,
			);
			path = Profile;
			sourceTree = "<group>";
		};
		C33654982533A45500CD22DD /* CreateChangePincode */ = {
			isa = PBXGroup;
			children = (
				C33654992533A47900CD22DD /* CreateChangePincodeViewController.swift */,
				C33654D6253485E400CD22DD /* CreateChangePincodeViewModel.swift */,
				C33654F925348F3200CD22DD /* CreateChangePincodeCoordinator.swift */,
			);
			path = CreateChangePincode;
			sourceTree = "<group>";
		};
		C33654A12533A74500CD22DD /* Helpers */ = {
			isa = PBXGroup;
			children = (
				C33654A22533A75900CD22DD /* KeychainPasswordItem.swift */,
			);
			path = Helpers;
			sourceTree = "<group>";
		};
		C33654AA2533A7B600CD22DD /* Configurators */ = {
			isa = PBXGroup;
			children = (
				C33654AE2533A7D900CD22DD /* KeychainConfiguration.swift */,
				C33654C3253448B600CD22DD /* UserConfigurator.swift */,
				C33654DB2534891F00CD22DD /* CoordinatorConfigurator.swift */,
			);
			path = Configurators;
			sourceTree = "<group>";
		};
		C357DA1925352814000732E3 /* Extensions */ = {
			isa = PBXGroup;
			children = (
				C357DA1A2535282F000732E3 /* UIViewController.swift */,
			);
			path = Extensions;
			sourceTree = "<group>";
		};
		C35E8EC325334FBB00DFC32E /* Security */ = {
			isa = PBXGroup;
			children = (
				C35E8EC725334FE900DFC32E /* SecurityViewController.swift */,
				C33654D12534560800CD22DD /* SecurityViewModel.swift */,
				C33654F425348F0400CD22DD /* SecurityCoordinator.swift */,
			);
			path = Security;
			sourceTree = "<group>";
		};
/* End PBXGroup section */

/* Begin PBXNativeTarget section */
		2154DD02252DCA9300B1AE32 /* FKStest */ = {
			isa = PBXNativeTarget;
			buildConfigurationList = 2154DD2D252DCA9600B1AE32 /* Build configuration list for PBXNativeTarget "FKStest" */;
			buildPhases = (
				2154DCFF252DCA9300B1AE32 /* Sources */,
				2154DD00252DCA9300B1AE32 /* Frameworks */,
				2154DD01252DCA9300B1AE32 /* Resources */,
			);
			buildRules = (
			);
			dependencies = (
			);
			name = FKStest;
			packageProductDependencies = (
				2154DD50252DDB4200B1AE32 /* Stevia */,
				2154DD59252DDED200B1AE32 /* RxSwift */,
				2154DD5B252DDED200B1AE32 /* RxCocoa */,
				C33654BE2533AC2A00CD22DD /* CryptoSwift */,
			);
			productName = FKStest;
			productReference = 2154DD03252DCA9300B1AE32 /* FKStest.app */;
			productType = "com.apple.product-type.application";
		};
		2154DD18252DCA9600B1AE32 /* FKStestTests */ = {
			isa = PBXNativeTarget;
			buildConfigurationList = 2154DD30252DCA9600B1AE32 /* Build configuration list for PBXNativeTarget "FKStestTests" */;
			buildPhases = (
				2154DD15252DCA9600B1AE32 /* Sources */,
				2154DD16252DCA9600B1AE32 /* Frameworks */,
				2154DD17252DCA9600B1AE32 /* Resources */,
			);
			buildRules = (
			);
			dependencies = (
				2154DD1B252DCA9600B1AE32 /* PBXTargetDependency */,
			);
			name = FKStestTests;
			productName = FKStestTests;
			productReference = 2154DD19252DCA9600B1AE32 /* FKStestTests.xctest */;
			productType = "com.apple.product-type.bundle.unit-test";
		};
		2154DD23252DCA9600B1AE32 /* FKStestUITests */ = {
			isa = PBXNativeTarget;
			buildConfigurationList = 2154DD33252DCA9600B1AE32 /* Build configuration list for PBXNativeTarget "FKStestUITests" */;
			buildPhases = (
				2154DD20252DCA9600B1AE32 /* Sources */,
				2154DD21252DCA9600B1AE32 /* Frameworks */,
				2154DD22252DCA9600B1AE32 /* Resources */,
			);
			buildRules = (
			);
			dependencies = (
				2154DD26252DCA9600B1AE32 /* PBXTargetDependency */,
			);
			name = FKStestUITests;
			productName = FKStestUITests;
			productReference = 2154DD24252DCA9600B1AE32 /* FKStestUITests.xctest */;
			productType = "com.apple.product-type.bundle.ui-testing";
		};
/* End PBXNativeTarget section */

/* Begin PBXProject section */
		2154DCFB252DCA9300B1AE32 /* Project object */ = {
			isa = PBXProject;
			attributes = {
				LastSwiftUpdateCheck = 1200;
				LastUpgradeCheck = 1200;
				TargetAttributes = {
					2154DD02252DCA9300B1AE32 = {
						CreatedOnToolsVersion = 12.0.1;
					};
					2154DD18252DCA9600B1AE32 = {
						CreatedOnToolsVersion = 12.0.1;
						TestTargetID = 2154DD02252DCA9300B1AE32;
					};
					2154DD23252DCA9600B1AE32 = {
						CreatedOnToolsVersion = 12.0.1;
						TestTargetID = 2154DD02252DCA9300B1AE32;
					};
				};
			};
			buildConfigurationList = 2154DCFE252DCA9300B1AE32 /* Build configuration list for PBXProject "FKStest" */;
			compatibilityVersion = "Xcode 9.3";
			developmentRegion = en;
			hasScannedForEncodings = 0;
			knownRegions = (
				en,
				Base,
			);
			mainGroup = 2154DCFA252DCA9300B1AE32;
			packageReferences = (
				2154DD4F252DDB4100B1AE32 /* XCRemoteSwiftPackageReference "Stevia" */,
				2154DD58252DDED200B1AE32 /* XCRemoteSwiftPackageReference "RxSwift" */,
				C33654BD2533AC2A00CD22DD /* XCRemoteSwiftPackageReference "CryptoSwift" */,
			);
			productRefGroup = 2154DD04252DCA9300B1AE32 /* Products */;
			projectDirPath = "";
			projectRoot = "";
			targets = (
				2154DD02252DCA9300B1AE32 /* FKStest */,
				2154DD18252DCA9600B1AE32 /* FKStestTests */,
				2154DD23252DCA9600B1AE32 /* FKStestUITests */,
			);
		};
/* End PBXProject section */

/* Begin PBXResourcesBuildPhase section */
		2154DD01252DCA9300B1AE32 /* Resources */ = {
			isa = PBXResourcesBuildPhase;
			buildActionMask = 2147483647;
			files = (
				2154DD13252DCA9500B1AE32 /* LaunchScreen.storyboard in Resources */,
				2154DD10252DCA9500B1AE32 /* Assets.xcassets in Resources */,
				2154DD0E252DCA9300B1AE32 /* Main.storyboard in Resources */,
			);
			runOnlyForDeploymentPostprocessing = 0;
		};
		2154DD17252DCA9600B1AE32 /* Resources */ = {
			isa = PBXResourcesBuildPhase;
			buildActionMask = 2147483647;
			files = (
			);
			runOnlyForDeploymentPostprocessing = 0;
		};
		2154DD22252DCA9600B1AE32 /* Resources */ = {
			isa = PBXResourcesBuildPhase;
			buildActionMask = 2147483647;
			files = (
			);
			runOnlyForDeploymentPostprocessing = 0;
		};
/* End PBXResourcesBuildPhase section */

/* Begin PBXSourcesBuildPhase section */
		2154DCFF252DCA9300B1AE32 /* Sources */ = {
			isa = PBXSourcesBuildPhase;
			buildActionMask = 2147483647;
			files = (
				215B996625303D12006DD8EA /* RegistrationViewController.swift in Sources */,
				2154DD0B252DCA9300B1AE32 /* LoginWithPinCodeViewController.swift in Sources */,
				C33654FA25348F3200CD22DD /* CreateChangePincodeCoordinator.swift in Sources */,
				2154DD07252DCA9300B1AE32 /* AppDelegate.swift in Sources */,
				C33654E125348AF200CD22DD /* RegistrationCoordinator.swift in Sources */,
				215B996F2530505A006DD8EA /* AuthAccountViewController.swift in Sources */,
				2154DD61252DF7F200B1AE32 /* LoginWithPinCodeViewModel.swift in Sources */,
				C33654D7253485E400CD22DD /* CreateChangePincodeViewModel.swift in Sources */,
				C336549A2533A47900CD22DD /* CreateChangePincodeViewController.swift in Sources */,
				C33654F525348F0400CD22DD /* SecurityCoordinator.swift in Sources */,
				C33654B92533A90500CD22DD /* AuthAccountViewModel.swift in Sources */,
				C33654C4253448B600CD22DD /* UserConfigurator.swift in Sources */,
				C33654E625348C2A00CD22DD /* LoginWithPinCodeCoordinator.swift in Sources */,
				C33654D22534560800CD22DD /* SecurityViewModel.swift in Sources */,
				C33654DC2534891F00CD22DD /* CoordinatorConfigurator.swift in Sources */,
				C33654F025348EE900CD22DD /* ProfileCoordinator.swift in Sources */,
				C33654AF2533A7D900CD22DD /* KeychainConfiguration.swift in Sources */,
				C35E8EC825334FE900DFC32E /* SecurityViewController.swift in Sources */,
				2154DD09252DCA9300B1AE32 /* SceneDelegate.swift in Sources */,
				C33654B42533A87B00CD22DD /* RegistrationViewModel.swift in Sources */,
				C357DA1B2535282F000732E3 /* UIViewController.swift in Sources */,
				215B99782530620A006DD8EA /* ProfileViewController.swift in Sources */,
				C33654EB25348EC700CD22DD /* AuthAccountCoordinator.swift in Sources */,
				215B995A25303B37006DD8EA /* BiometryType.swift in Sources */,
				C33654CA253451F600CD22DD /* ProfileViewModel.swift in Sources */,
				C33654A32533A75900CD22DD /* KeychainPasswordItem.swift in Sources */,
			);
			runOnlyForDeploymentPostprocessing = 0;
		};
		2154DD15252DCA9600B1AE32 /* Sources */ = {
			isa = PBXSourcesBuildPhase;
			buildActionMask = 2147483647;
			files = (
				2154DD1E252DCA9600B1AE32 /* FKStestTests.swift in Sources */,
			);
			runOnlyForDeploymentPostprocessing = 0;
		};
		2154DD20252DCA9600B1AE32 /* Sources */ = {
			isa = PBXSourcesBuildPhase;
			buildActionMask = 2147483647;
			files = (
				2154DD29252DCA9600B1AE32 /* FKStestUITests.swift in Sources */,
			);
			runOnlyForDeploymentPostprocessing = 0;
		};
/* End PBXSourcesBuildPhase section */

/* Begin PBXTargetDependency section */
		2154DD1B252DCA9600B1AE32 /* PBXTargetDependency */ = {
			isa = PBXTargetDependency;
			target = 2154DD02252DCA9300B1AE32 /* FKStest */;
			targetProxy = 2154DD1A252DCA9600B1AE32 /* PBXContainerItemProxy */;
		};
		2154DD26252DCA9600B1AE32 /* PBXTargetDependency */ = {
			isa = PBXTargetDependency;
			target = 2154DD02252DCA9300B1AE32 /* FKStest */;
			targetProxy = 2154DD25252DCA9600B1AE32 /* PBXContainerItemProxy */;
		};
/* End PBXTargetDependency section */

/* Begin PBXVariantGroup section */
		2154DD0C252DCA9300B1AE32 /* Main.storyboard */ = {
			isa = PBXVariantGroup;
			children = (
				2154DD0D252DCA9300B1AE32 /* Base */,
			);
			name = Main.storyboard;
			sourceTree = "<group>";
		};
		2154DD11252DCA9500B1AE32 /* LaunchScreen.storyboard */ = {
			isa = PBXVariantGroup;
			children = (
				2154DD12252DCA9500B1AE32 /* Base */,
			);
			name = LaunchScreen.storyboard;
			sourceTree = "<group>";
		};
/* End PBXVariantGroup section */

/* Begin XCBuildConfiguration section */
		2154DD2B252DCA9600B1AE32 /* Debug */ = {
			isa = XCBuildConfiguration;
			buildSettings = {
				ALWAYS_SEARCH_USER_PATHS = NO;
				CLANG_ANALYZER_NONNULL = YES;
				CLANG_ANALYZER_NUMBER_OBJECT_CONVERSION = YES_AGGRESSIVE;
				CLANG_CXX_LANGUAGE_STANDARD = "gnu++14";
				CLANG_CXX_LIBRARY = "libc++";
				CLANG_ENABLE_MODULES = YES;
				CLANG_ENABLE_OBJC_ARC = YES;
				CLANG_ENABLE_OBJC_WEAK = YES;
				CLANG_WARN_BLOCK_CAPTURE_AUTORELEASING = YES;
				CLANG_WARN_BOOL_CONVERSION = YES;
				CLANG_WARN_COMMA = YES;
				CLANG_WARN_CONSTANT_CONVERSION = YES;
				CLANG_WARN_DEPRECATED_OBJC_IMPLEMENTATIONS = YES;
				CLANG_WARN_DIRECT_OBJC_ISA_USAGE = YES_ERROR;
				CLANG_WARN_DOCUMENTATION_COMMENTS = YES;
				CLANG_WARN_EMPTY_BODY = YES;
				CLANG_WARN_ENUM_CONVERSION = YES;
				CLANG_WARN_INFINITE_RECURSION = YES;
				CLANG_WARN_INT_CONVERSION = YES;
				CLANG_WARN_NON_LITERAL_NULL_CONVERSION = YES;
				CLANG_WARN_OBJC_IMPLICIT_RETAIN_SELF = YES;
				CLANG_WARN_OBJC_LITERAL_CONVERSION = YES;
				CLANG_WARN_OBJC_ROOT_CLASS = YES_ERROR;
				CLANG_WARN_QUOTED_INCLUDE_IN_FRAMEWORK_HEADER = YES;
				CLANG_WARN_RANGE_LOOP_ANALYSIS = YES;
				CLANG_WARN_STRICT_PROTOTYPES = YES;
				CLANG_WARN_SUSPICIOUS_MOVE = YES;
				CLANG_WARN_UNGUARDED_AVAILABILITY = YES_AGGRESSIVE;
				CLANG_WARN_UNREACHABLE_CODE = YES;
				CLANG_WARN__DUPLICATE_METHOD_MATCH = YES;
				COPY_PHASE_STRIP = NO;
				DEBUG_INFORMATION_FORMAT = dwarf;
				ENABLE_STRICT_OBJC_MSGSEND = YES;
				ENABLE_TESTABILITY = YES;
				GCC_C_LANGUAGE_STANDARD = gnu11;
				GCC_DYNAMIC_NO_PIC = NO;
				GCC_NO_COMMON_BLOCKS = YES;
				GCC_OPTIMIZATION_LEVEL = 0;
				GCC_PREPROCESSOR_DEFINITIONS = (
					"DEBUG=1",
					"$(inherited)",
				);
				GCC_WARN_64_TO_32_BIT_CONVERSION = YES;
				GCC_WARN_ABOUT_RETURN_TYPE = YES_ERROR;
				GCC_WARN_UNDECLARED_SELECTOR = YES;
				GCC_WARN_UNINITIALIZED_AUTOS = YES_AGGRESSIVE;
				GCC_WARN_UNUSED_FUNCTION = YES;
				GCC_WARN_UNUSED_VARIABLE = YES;
				IPHONEOS_DEPLOYMENT_TARGET = 14.0;
				MTL_ENABLE_DEBUG_INFO = INCLUDE_SOURCE;
				MTL_FAST_MATH = YES;
				ONLY_ACTIVE_ARCH = YES;
				SDKROOT = iphoneos;
				SWIFT_ACTIVE_COMPILATION_CONDITIONS = DEBUG;
				SWIFT_OPTIMIZATION_LEVEL = "-Onone";
			};
			name = Debug;
		};
		2154DD2C252DCA9600B1AE32 /* Release */ = {
			isa = XCBuildConfiguration;
			buildSettings = {
				ALWAYS_SEARCH_USER_PATHS = NO;
				CLANG_ANALYZER_NONNULL = YES;
				CLANG_ANALYZER_NUMBER_OBJECT_CONVERSION = YES_AGGRESSIVE;
				CLANG_CXX_LANGUAGE_STANDARD = "gnu++14";
				CLANG_CXX_LIBRARY = "libc++";
				CLANG_ENABLE_MODULES = YES;
				CLANG_ENABLE_OBJC_ARC = YES;
				CLANG_ENABLE_OBJC_WEAK = YES;
				CLANG_WARN_BLOCK_CAPTURE_AUTORELEASING = YES;
				CLANG_WARN_BOOL_CONVERSION = YES;
				CLANG_WARN_COMMA = YES;
				CLANG_WARN_CONSTANT_CONVERSION = YES;
				CLANG_WARN_DEPRECATED_OBJC_IMPLEMENTATIONS = YES;
				CLANG_WARN_DIRECT_OBJC_ISA_USAGE = YES_ERROR;
				CLANG_WARN_DOCUMENTATION_COMMENTS = YES;
				CLANG_WARN_EMPTY_BODY = YES;
				CLANG_WARN_ENUM_CONVERSION = YES;
				CLANG_WARN_INFINITE_RECURSION = YES;
				CLANG_WARN_INT_CONVERSION = YES;
				CLANG_WARN_NON_LITERAL_NULL_CONVERSION = YES;
				CLANG_WARN_OBJC_IMPLICIT_RETAIN_SELF = YES;
				CLANG_WARN_OBJC_LITERAL_CONVERSION = YES;
				CLANG_WARN_OBJC_ROOT_CLASS = YES_ERROR;
				CLANG_WARN_QUOTED_INCLUDE_IN_FRAMEWORK_HEADER = YES;
				CLANG_WARN_RANGE_LOOP_ANALYSIS = YES;
				CLANG_WARN_STRICT_PROTOTYPES = YES;
				CLANG_WARN_SUSPICIOUS_MOVE = YES;
				CLANG_WARN_UNGUARDED_AVAILABILITY = YES_AGGRESSIVE;
				CLANG_WARN_UNREACHABLE_CODE = YES;
				CLANG_WARN__DUPLICATE_METHOD_MATCH = YES;
				COPY_PHASE_STRIP = NO;
				DEBUG_INFORMATION_FORMAT = "dwarf-with-dsym";
				ENABLE_NS_ASSERTIONS = NO;
				ENABLE_STRICT_OBJC_MSGSEND = YES;
				GCC_C_LANGUAGE_STANDARD = gnu11;
				GCC_NO_COMMON_BLOCKS = YES;
				GCC_WARN_64_TO_32_BIT_CONVERSION = YES;
				GCC_WARN_ABOUT_RETURN_TYPE = YES_ERROR;
				GCC_WARN_UNDECLARED_SELECTOR = YES;
				GCC_WARN_UNINITIALIZED_AUTOS = YES_AGGRESSIVE;
				GCC_WARN_UNUSED_FUNCTION = YES;
				GCC_WARN_UNUSED_VARIABLE = YES;
				IPHONEOS_DEPLOYMENT_TARGET = 14.0;
				MTL_ENABLE_DEBUG_INFO = NO;
				MTL_FAST_MATH = YES;
				SDKROOT = iphoneos;
				SWIFT_COMPILATION_MODE = wholemodule;
				SWIFT_OPTIMIZATION_LEVEL = "-O";
				VALIDATE_PRODUCT = YES;
			};
			name = Release;
		};
		2154DD2E252DCA9600B1AE32 /* Debug */ = {
			isa = XCBuildConfiguration;
			buildSettings = {
				ASSETCATALOG_COMPILER_APPICON_NAME = AppIcon;
				ASSETCATALOG_COMPILER_GLOBAL_ACCENT_COLOR_NAME = AccentColor;
				CODE_SIGN_STYLE = Automatic;
				DEVELOPMENT_TEAM = 274RF4F6D5;
				INFOPLIST_FILE = FKStest/Info.plist;
				IPHONEOS_DEPLOYMENT_TARGET = 11.3;
				LD_RUNPATH_SEARCH_PATHS = (
					"$(inherited)",
					"@executable_path/Frameworks",
				);
				PRODUCT_BUNDLE_IDENTIFIER = com.ChesnikovEngine.FKStest;
				PRODUCT_NAME = "$(TARGET_NAME)";
				SWIFT_VERSION = 5.0;
				TARGETED_DEVICE_FAMILY = "1,2";
			};
			name = Debug;
		};
		2154DD2F252DCA9600B1AE32 /* Release */ = {
			isa = XCBuildConfiguration;
			buildSettings = {
				ASSETCATALOG_COMPILER_APPICON_NAME = AppIcon;
				ASSETCATALOG_COMPILER_GLOBAL_ACCENT_COLOR_NAME = AccentColor;
				CODE_SIGN_STYLE = Automatic;
				DEVELOPMENT_TEAM = 274RF4F6D5;
				INFOPLIST_FILE = FKStest/Info.plist;
				IPHONEOS_DEPLOYMENT_TARGET = 11.3;
				LD_RUNPATH_SEARCH_PATHS = (
					"$(inherited)",
					"@executable_path/Frameworks",
				);
				PRODUCT_BUNDLE_IDENTIFIER = com.ChesnikovEngine.FKStest;
				PRODUCT_NAME = "$(TARGET_NAME)";
				SWIFT_VERSION = 5.0;
				TARGETED_DEVICE_FAMILY = "1,2";
			};
			name = Release;
		};
		2154DD31252DCA9600B1AE32 /* Debug */ = {
			isa = XCBuildConfiguration;
			buildSettings = {
				ALWAYS_EMBED_SWIFT_STANDARD_LIBRARIES = YES;
				BUNDLE_LOADER = "$(TEST_HOST)";
				CODE_SIGN_STYLE = Automatic;
				DEVELOPMENT_TEAM = 274RF4F6D5;
				INFOPLIST_FILE = FKStestTests/Info.plist;
				IPHONEOS_DEPLOYMENT_TARGET = 14.0;
				LD_RUNPATH_SEARCH_PATHS = (
					"$(inherited)",
					"@executable_path/Frameworks",
					"@loader_path/Frameworks",
				);
				PRODUCT_BUNDLE_IDENTIFIER = com.ChesnikovEngine.FKStestTests;
				PRODUCT_NAME = "$(TARGET_NAME)";
				SWIFT_VERSION = 5.0;
				TARGETED_DEVICE_FAMILY = "1,2";
				TEST_HOST = "$(BUILT_PRODUCTS_DIR)/FKStest.app/FKStest";
			};
			name = Debug;
		};
		2154DD32252DCA9600B1AE32 /* Release */ = {
			isa = XCBuildConfiguration;
			buildSettings = {
				ALWAYS_EMBED_SWIFT_STANDARD_LIBRARIES = YES;
				BUNDLE_LOADER = "$(TEST_HOST)";
				CODE_SIGN_STYLE = Automatic;
				DEVELOPMENT_TEAM = 274RF4F6D5;
				INFOPLIST_FILE = FKStestTests/Info.plist;
				IPHONEOS_DEPLOYMENT_TARGET = 14.0;
				LD_RUNPATH_SEARCH_PATHS = (
					"$(inherited)",
					"@executable_path/Frameworks",
					"@loader_path/Frameworks",
				);
				PRODUCT_BUNDLE_IDENTIFIER = com.ChesnikovEngine.FKStestTests;
				PRODUCT_NAME = "$(TARGET_NAME)";
				SWIFT_VERSION = 5.0;
				TARGETED_DEVICE_FAMILY = "1,2";
				TEST_HOST = "$(BUILT_PRODUCTS_DIR)/FKStest.app/FKStest";
			};
			name = Release;
		};
		2154DD34252DCA9600B1AE32 /* Debug */ = {
			isa = XCBuildConfiguration;
			buildSettings = {
				ALWAYS_EMBED_SWIFT_STANDARD_LIBRARIES = YES;
				CODE_SIGN_STYLE = Automatic;
				DEVELOPMENT_TEAM = 274RF4F6D5;
				INFOPLIST_FILE = FKStestUITests/Info.plist;
				LD_RUNPATH_SEARCH_PATHS = (
					"$(inherited)",
					"@executable_path/Frameworks",
					"@loader_path/Frameworks",
				);
				PRODUCT_BUNDLE_IDENTIFIER = com.ChesnikovEngine.FKStestUITests;
				PRODUCT_NAME = "$(TARGET_NAME)";
				SWIFT_VERSION = 5.0;
				TARGETED_DEVICE_FAMILY = "1,2";
				TEST_TARGET_NAME = FKStest;
			};
			name = Debug;
		};
		2154DD35252DCA9600B1AE32 /* Release */ = {
			isa = XCBuildConfiguration;
			buildSettings = {
				ALWAYS_EMBED_SWIFT_STANDARD_LIBRARIES = YES;
				CODE_SIGN_STYLE = Automatic;
				DEVELOPMENT_TEAM = 274RF4F6D5;
				INFOPLIST_FILE = FKStestUITests/Info.plist;
				LD_RUNPATH_SEARCH_PATHS = (
					"$(inherited)",
					"@executable_path/Frameworks",
					"@loader_path/Frameworks",
				);
				PRODUCT_BUNDLE_IDENTIFIER = com.ChesnikovEngine.FKStestUITests;
				PRODUCT_NAME = "$(TARGET_NAME)";
				SWIFT_VERSION = 5.0;
				TARGETED_DEVICE_FAMILY = "1,2";
				TEST_TARGET_NAME = FKStest;
			};
			name = Release;
		};
/* End XCBuildConfiguration section */

/* Begin XCConfigurationList section */
		2154DCFE252DCA9300B1AE32 /* Build configuration list for PBXProject "FKStest" */ = {
			isa = XCConfigurationList;
			buildConfigurations = (
				2154DD2B252DCA9600B1AE32 /* Debug */,
				2154DD2C252DCA9600B1AE32 /* Release */,
			);
			defaultConfigurationIsVisible = 0;
			defaultConfigurationName = Release;
		};
		2154DD2D252DCA9600B1AE32 /* Build configuration list for PBXNativeTarget "FKStest" */ = {
			isa = XCConfigurationList;
			buildConfigurations = (
				2154DD2E252DCA9600B1AE32 /* Debug */,
				2154DD2F252DCA9600B1AE32 /* Release */,
			);
			defaultConfigurationIsVisible = 0;
			defaultConfigurationName = Release;
		};
		2154DD30252DCA9600B1AE32 /* Build configuration list for PBXNativeTarget "FKStestTests" */ = {
			isa = XCConfigurationList;
			buildConfigurations = (
				2154DD31252DCA9600B1AE32 /* Debug */,
				2154DD32252DCA9600B1AE32 /* Release */,
			);
			defaultConfigurationIsVisible = 0;
			defaultConfigurationName = Release;
		};
		2154DD33252DCA9600B1AE32 /* Build configuration list for PBXNativeTarget "FKStestUITests" */ = {
			isa = XCConfigurationList;
			buildConfigurations = (
				2154DD34252DCA9600B1AE32 /* Debug */,
				2154DD35252DCA9600B1AE32 /* Release */,
			);
			defaultConfigurationIsVisible = 0;
			defaultConfigurationName = Release;
		};
/* End XCConfigurationList section */

/* Begin XCRemoteSwiftPackageReference section */
		2154DD4F252DDB4100B1AE32 /* XCRemoteSwiftPackageReference "Stevia" */ = {
			isa = XCRemoteSwiftPackageReference;
			repositoryURL = "https://github.com/freshOS/Stevia";
			requirement = {
				kind = upToNextMajorVersion;
				minimumVersion = 5.1.0;
			};
		};
		2154DD58252DDED200B1AE32 /* XCRemoteSwiftPackageReference "RxSwift" */ = {
			isa = XCRemoteSwiftPackageReference;
			repositoryURL = "https://github.com/ReactiveX/RxSwift.git";
			requirement = {
				kind = upToNextMajorVersion;
				minimumVersion = 5.1.1;
			};
		};
		C33654BD2533AC2A00CD22DD /* XCRemoteSwiftPackageReference "CryptoSwift" */ = {
			isa = XCRemoteSwiftPackageReference;
			repositoryURL = "https://github.com/krzyzanowskim/CryptoSwift.git";
			requirement = {
				kind = upToNextMajorVersion;
				minimumVersion = 1.3.2;
			};
		};
/* End XCRemoteSwiftPackageReference section */

/* Begin XCSwiftPackageProductDependency section */
		2154DD50252DDB4200B1AE32 /* Stevia */ = {
			isa = XCSwiftPackageProductDependency;
			package = 2154DD4F252DDB4100B1AE32 /* XCRemoteSwiftPackageReference "Stevia" */;
			productName = Stevia;
		};
		2154DD59252DDED200B1AE32 /* RxSwift */ = {
			isa = XCSwiftPackageProductDependency;
			package = 2154DD58252DDED200B1AE32 /* XCRemoteSwiftPackageReference "RxSwift" */;
			productName = RxSwift;
		};
		2154DD5B252DDED200B1AE32 /* RxCocoa */ = {
			isa = XCSwiftPackageProductDependency;
			package = 2154DD58252DDED200B1AE32 /* XCRemoteSwiftPackageReference "RxSwift" */;
			productName = RxCocoa;
		};
		C33654BE2533AC2A00CD22DD /* CryptoSwift */ = {
			isa = XCSwiftPackageProductDependency;
			package = C33654BD2533AC2A00CD22DD /* XCRemoteSwiftPackageReference "CryptoSwift" */;
			productName = CryptoSwift;
		};
/* End XCSwiftPackageProductDependency section */
	};
	rootObject = 2154DCFB252DCA9300B1AE32 /* Project object */;
}
